<?xml version="1.0" encoding="utf-8"?>
<Project ToolsVersion="4.0" xmlns="http://schemas.microsoft.com/developer/msbuild/2003">
  <ItemGroup>
    <ClCompile Include="common.cpp" />
    <ClCompile Include="pch.cpp" />
    <ClCompile Include="GetHashT.cpp">
      <Filter>HashFuncsTests</Filter>
    </ClCompile>
    <ClCompile Include="HashStateFuncsT.cpp">
      <Filter>HashFuncsTests</Filter>
    </ClCompile>
    <ClCompile Include="ProcessingByBlockCipherDecryptionT.cpp">
      <Filter>BlockCiphersTests</Filter>
    </ClCompile>
    <ClCompile Include="ProcessingByBlockCipherEncryptionT.cpp">
      <Filter>BlockCiphersTests</Filter>
    </ClCompile>
    <ClCompile Include="ProcessingByBlockCipherTestSupportFunctions.cpp">
      <Filter>BlockCiphersTests</Filter>
    </ClCompile>
    <ClCompile Include="BlockCipherStateFuncsT.cpp">
      <Filter>BlockCiphersTests</Filter>
    </ClCompile>
    <ClCompile Include="ProcessingByBlockCipherCommonT.cpp">
      <Filter>BlockCiphersTests</Filter>
    </ClCompile>
    <ClCompile Include="GetXofT.cpp">
      <Filter>XofTests</Filter>
    </ClCompile>
    <ClCompile Include="XofStateFuncsT.cpp">
      <Filter>XofTests</Filter>
    </ClCompile>
    <ClCompile Include="GetPrfT.cpp">
      <Filter>PrfTests</Filter>
    </ClCompile>
    <ClCompile Include="PrfStateFuncsT.cpp">
      <Filter>PrfTests</Filter>
    </ClCompile>
    <ClCompile Include="GetPbkdf2T.cpp">
      <Filter>Pbkdf2Tests</Filter>
    </ClCompile>
  </ItemGroup>
  <ItemGroup>
    <ClInclude Include="common.h" />
    <ClInclude Include="pch.h" />
    <ClInclude Include="ProcessingByBlockCipherTestSupportFunctions.h">
      <Filter>BlockCiphersTests</Filter>
    </ClInclude>
  </ItemGroup>
  <ItemGroup>
    <None Include="packages.config" />
  </ItemGroup>
  <ItemGroup>
    <Filter Include="HashFuncsTests">
      <UniqueIdentifier>{b7f2e1d9-05d2-4d07-a38d-ded01080c537}</UniqueIdentifier>
    </Filter>
    <Filter Include="BlockCiphersTests">
      <UniqueIdentifier>{e02d9c41-2167-4b4e-91aa-8a5f11497a40}</UniqueIdentifier>
    </Filter>
    <Filter Include="XofTests">
      <UniqueIdentifier>{10b6861c-34b5-4e17-87cb-efe176e0b576}</UniqueIdentifier>
    </Filter>
    <Filter Include="PrfTests">
      <UniqueIdentifier>{17fe7bb2-c454-4fcc-8068-b3188bc3c3b9}</UniqueIdentifier>
    </Filter>
    <Filter Include="Pbkdf2Tests">
      <UniqueIdentifier>{61c7395f-f000-4b29-a362-700b498e201e}</UniqueIdentifier>
    </Filter>
  </ItemGroup>
</Project>