<?xml version="1.0" encoding="utf-8"?>
<Project ToolsVersion="4.0" xmlns="http://schemas.microsoft.com/developer/msbuild/2003">
  <ItemGroup>
    <ClCompile Include="common.cpp" />
    <ClCompile Include="DecryptByBlockCipherT.cpp" />
    <ClCompile Include="EncryptByBlockCipherT.cpp" />
    <ClCompile Include="GetHashExT.cpp" />
    <ClCompile Include="GetPbkdf2ExT.cpp" />
    <ClCompile Include="GetPbkdf2T.cpp" />
    <ClCompile Include="GetPrfT.cpp" />
    <ClCompile Include="GetXofMultipleT.cpp" />
    <ClCompile Include="GetXofT.cpp" />
    <ClCompile Include="test.cpp" />
    <ClCompile Include="pch.cpp" />
    <ClCompile Include="GetHashT.cpp">
      <Filter>HashFuncsTests</Filter>
    </ClCompile>
    <ClCompile Include="HashSupportFuncsT.cpp">
      <Filter>HashFuncsTests</Filter>
    </ClCompile>
  </ItemGroup>
  <ItemGroup>
    <ClInclude Include="common.h" />
    <ClInclude Include="pch.h" />
  </ItemGroup>
  <ItemGroup>
    <None Include="packages.config" />
  </ItemGroup>
  <ItemGroup>
    <Filter Include="HashFuncsTests">
      <UniqueIdentifier>{b7f2e1d9-05d2-4d07-a38d-ded01080c537}</UniqueIdentifier>
    </Filter>
  </ItemGroup>
</Project>