
Microsoft Visual Studio Solution File, Format Version 12.00
# Visual Studio Version 16
VisualStudioVersion = 16.0.31829.152
MinimumVisualStudioVersion = 10.0.40219.1
Project("{8BC9CEB8-8B4A-11D0-8D11-00A0C91BC942}") = "CryptoLib", "cryptolib.vcxproj", "{FDA7E835-0DB6-41F3-8281-A5DE8272AB9C}"
EndProject
Project("{8BC9CEB8-8B4A-11D0-8D11-00A0C91BC942}") = "CryptoTests", "..\CryptoTests\CryptoTests.vcxproj", "{71AADE17-60B5-4174-BF64-4E19F00046E6}"
	ProjectSection(ProjectDependencies) = postProject
		{D286FEBF-9D3E-4070-8BEF-BA259DE7D6F1} = {D286FEBF-9D3E-4070-8BEF-BA259DE7D6F1}
	EndProjectSection
EndProject
Project("{8BC9CEB8-8B4A-11D0-8D11-00A0C91BC942}") = "ThirdParty_Zip_for_tests_only", "..\ThirdParty_Zip_for_tests_only\ThirdParty_Zip_for_tests_only.vcxproj", "{D286FEBF-9D3E-4070-8BEF-BA259DE7D6F1}"
EndProject
Global
	GlobalSection(SolutionConfigurationPlatforms) = preSolution
		Debug|x64 = Debug|x64
		Debug|x86 = Debug|x86
		Release|x64 = Release|x64
		Release|x86 = Release|x86
	EndGlobalSection
	GlobalSection(ProjectConfigurationPlatforms) = postSolution
		{FDA7E835-0DB6-41F3-8281-A5DE8272AB9C}.Debug|x64.ActiveCfg = Debug|x64
		{FDA7E835-0DB6-41F3-8281-A5DE8272AB9C}.Debug|x64.Build.0 = Debug|x64
		{FDA7E835-0DB6-41F3-8281-A5DE8272AB9C}.Debug|x86.ActiveCfg = Debug|Win32
		{FDA7E835-0DB6-41F3-8281-A5DE8272AB9C}.Debug|x86.Build.0 = Debug|Win32
		{FDA7E835-0DB6-41F3-8281-A5DE8272AB9C}.Release|x64.ActiveCfg = Release|x64
		{FDA7E835-0DB6-41F3-8281-A5DE8272AB9C}.Release|x64.Build.0 = Release|x64
		{FDA7E835-0DB6-41F3-8281-A5DE8272AB9C}.Release|x86.ActiveCfg = Release|Win32
		{FDA7E835-0DB6-41F3-8281-A5DE8272AB9C}.Release|x86.Build.0 = Release|Win32
		{71AADE17-60B5-4174-BF64-4E19F00046E6}.Debug|x64.ActiveCfg = Debug|x64
		{71AADE17-60B5-4174-BF64-4E19F00046E6}.Debug|x64.Build.0 = Debug|x64
		{71AADE17-60B5-4174-BF64-4E19F00046E6}.Debug|x86.ActiveCfg = Debug|Win32
		{71AADE17-60B5-4174-BF64-4E19F00046E6}.Debug|x86.Build.0 = Debug|Win32
		{71AADE17-60B5-4174-BF64-4E19F00046E6}.Release|x64.ActiveCfg = Release|x64
		{71AADE17-60B5-4174-BF64-4E19F00046E6}.Release|x64.Build.0 = Release|x64
		{71AADE17-60B5-4174-BF64-4E19F00046E6}.Release|x86.ActiveCfg = Release|Win32
		{71AADE17-60B5-4174-BF64-4E19F00046E6}.Release|x86.Build.0 = Release|Win32
		{D286FEBF-9D3E-4070-8BEF-BA259DE7D6F1}.Debug|x64.ActiveCfg = Debug|x64
		{D286FEBF-9D3E-4070-8BEF-BA259DE7D6F1}.Debug|x64.Build.0 = Debug|x64
		{D286FEBF-9D3E-4070-8BEF-BA259DE7D6F1}.Debug|x86.ActiveCfg = Debug|Win32
		{D286FEBF-9D3E-4070-8BEF-BA259DE7D6F1}.Debug|x86.Build.0 = Debug|Win32
		{D286FEBF-9D3E-4070-8BEF-BA259DE7D6F1}.Release|x64.ActiveCfg = Release|x64
		{D286FEBF-9D3E-4070-8BEF-BA259DE7D6F1}.Release|x64.Build.0 = Release|x64
		{D286FEBF-9D3E-4070-8BEF-BA259DE7D6F1}.Release|x86.ActiveCfg = Release|Win32
		{D286FEBF-9D3E-4070-8BEF-BA259DE7D6F1}.Release|x86.Build.0 = Release|Win32
	EndGlobalSection
	GlobalSection(SolutionProperties) = preSolution
		HideSolutionNode = FALSE
	EndGlobalSection
	GlobalSection(ExtensibilityGlobals) = postSolution
		SolutionGuid = {2B6AEF36-E27B-44A0-99B7-D7F0C858BC80}
	EndGlobalSection
EndGlobal
