<?xml version="1.0" encoding="utf-8"?>
<Project ToolsVersion="4.0" xmlns="http://schemas.microsoft.com/developer/msbuild/2003">
  <ItemGroup>
    <Filter Include="Source Files">
      <UniqueIdentifier>{4FC737F1-C7A5-4376-A066-2A32D752A2FF}</UniqueIdentifier>
      <Extensions>cpp;c;cc;cxx;c++;cppm;ixx;def;odl;idl;hpj;bat;asm;asmx</Extensions>
    </Filter>
    <Filter Include="Header Files">
      <UniqueIdentifier>{93995380-89BD-4b04-88EB-625FBE52EBFB}</UniqueIdentifier>
      <Extensions>h;hh;hpp;hxx;h++;hm;inl;inc;ipp;xsd</Extensions>
    </Filter>
    <Filter Include="Resource Files">
      <UniqueIdentifier>{67DA6AB6-F800-4c08-8B7A-83BB121AAD01}</UniqueIdentifier>
      <Extensions>rc;ico;cur;bmp;dlg;rc2;rct;bin;rgs;gif;jpg;jpeg;jpe;resx;tiff;tif;png;wav;mfcribbon-ms</Extensions>
    </Filter>
    <Filter Include="asm">
      <UniqueIdentifier>{81670d27-352b-47c1-a162-f37a374d5d3c}</UniqueIdentifier>
    </Filter>
  </ItemGroup>
  <ItemGroup>
    <ClInclude Include="pch.h">
      <Filter>Header Files</Filter>
    </ClInclude>
    <ClInclude Include="crypto.h">
      <Filter>Header Files</Filter>
    </ClInclude>
    <ClInclude Include="crypto_helpers.h">
      <Filter>Header Files</Filter>
    </ClInclude>
    <ClInclude Include="paddings.h">
      <Filter>Header Files</Filter>
    </ClInclude>
    <ClInclude Include="sha-2.h">
      <Filter>Header Files</Filter>
    </ClInclude>
    <ClInclude Include="sha-1.h">
      <Filter>Header Files</Filter>
    </ClInclude>
    <ClInclude Include="des.h">
      <Filter>Header Files</Filter>
    </ClInclude>
    <ClInclude Include="crypto_internal.h">
      <Filter>Header Files</Filter>
    </ClInclude>
    <ClInclude Include="hmac.h">
      <Filter>Header Files</Filter>
    </ClInclude>
    <ClInclude Include="kdf.h">
      <Filter>Header Files</Filter>
    </ClInclude>
    <ClInclude Include="sha-3.h">
      <Filter>Header Files</Filter>
    </ClInclude>
    <ClInclude Include="aes.h">
      <Filter>Header Files</Filter>
    </ClInclude>
  </ItemGroup>
  <ItemGroup>
    <ClCompile Include="des.c">
      <Filter>Source Files</Filter>
    </ClCompile>
    <ClCompile Include="pch.c">
      <Filter>Source Files</Filter>
    </ClCompile>
    <ClCompile Include="consts.c">
      <Filter>Source Files</Filter>
    </ClCompile>
    <ClCompile Include="paddings.c">
      <Filter>Source Files</Filter>
    </ClCompile>
    <ClCompile Include="crypto_helpers.c">
      <Filter>Source Files</Filter>
    </ClCompile>
    <ClCompile Include="sha-1.c">
      <Filter>Source Files</Filter>
    </ClCompile>
    <ClCompile Include="sha-2.c">
      <Filter>Source Files</Filter>
    </ClCompile>
    <ClCompile Include="hmac.c">
      <Filter>Source Files</Filter>
    </ClCompile>
    <ClCompile Include="crypto.c">
      <Filter>Source Files</Filter>
    </ClCompile>
    <ClCompile Include="kdf.c">
      <Filter>Source Files</Filter>
    </ClCompile>
    <ClCompile Include="sha-3.c">
      <Filter>Source Files</Filter>
    </ClCompile>
    <ClCompile Include="crypto_internal.c">
      <Filter>Source Files</Filter>
    </ClCompile>
    <ClCompile Include="aes.c">
      <Filter>Source Files</Filter>
    </ClCompile>
  </ItemGroup>
  <ItemGroup>
    <None Include=".editorconfig" />
  </ItemGroup>
  <ItemGroup>
    <MASM Include="aes_ni_x86.asm">
      <Filter>asm</Filter>
    </MASM>
    <MASM Include="aes_ni_x64.asm">
      <Filter>asm</Filter>
    </MASM>
  </ItemGroup>
</Project>